
Microsoft Visual Studio Solution File, Format Version 12.00
# Visual Studio Version 17
VisualStudioVersion = 17.7.34031.279
MinimumVisualStudioVersion = 10.0.40219.1
Project("{FAE04EC0-301F-11D3-BF4B-00C04F79EFBC}") = "Lampyt", "Lampyt\Lampyt.csproj", "{70277796-F4F6-428E-8C35-F155A7B49BD4}"
EndProject
Global
	GlobalSection(SolutionConfigurationPlatforms) = preSolution
		Debug|Any CPU = Debug|Any CPU
		Release|Any CPU = Release|Any CPU
	EndGlobalSection
	GlobalSection(ProjectConfigurationPlatforms) = postSolution
		{70277796-F4F6-428E-8C35-F155A7B49BD4}.Debug|Any CPU.ActiveCfg = Debug|Any CPU
		{70277796-F4F6-428E-8C35-F155A7B49BD4}.Debug|Any CPU.Build.0 = Debug|Any CPU
		{70277796-F4F6-428E-8C35-F155A7B49BD4}.Release|Any CPU.ActiveCfg = Release|Any CPU
		{70277796-F4F6-428E-8C35-F155A7B49BD4}.Release|Any CPU.Build.0 = Release|Any CPU
	EndGlobalSection
	GlobalSection(SolutionProperties) = preSolution
		HideSolutionNode = FALSE
	EndGlobalSection
	GlobalSection(ExtensibilityGlobals) = postSolution
		SolutionGuid = {67B5850A-4CA4-4F56-9AF5-E9A5C00E48AB}
	EndGlobalSection
EndGlobal
